hash: f9bd48eea66b3c338697049f62c687632652390394d32e8fefb5a359d2cae910
updated: 2016-12-07T13:06:08.677620989+01:00
imports:
- name: github.com/docker/distribution
  version: 15dc1296affa926b873ce12cde1890a387a046f2
  subpackages:
  - digest
  - reference
- name: github.com/docker/engine-api
  version: 4290f40c056686fcaa5c9caf02eac1dde9315adf
  subpackages:
  - client
  - client/transport
  - client/transport/cancellable
  - types
  - types/blkiodev
  - types/container
  - types/filters
  - types/mount
  - types/network
  - types/reference
  - types/registry
  - types/strslice
  - types/swarm
  - types/time
  - types/versions
- name: github.com/docker/go-connections
  version: 4ccf312bf1d35e5dbda654e57a9be4c3f3cd0366
  subpackages:
  - nat
  - sockets
  - tlsconfig
- name: github.com/docker/go-units
  version: e30f1e79f3cd72542f2026ceec18d3bd67ab859c
- name: github.com/docker/libcontainer
  version: 5dc7ba0f24332273461e45bc49edcb4d5aa6c44c
  subpackages:
  - netlink
  - system
- name: github.com/elazarl/goproxy
  version: 6016d2397298b0750eeb06f4d24e03cfd7e45c77
- name: github.com/experimental-platform/platform-central-gateway
  version: 93d6f42a46631f80fffc32e95340f04569de6d22
  subpackages:
  - proxy
- name: github.com/experimental-platform/platform-skvs
  version: 8dc7ac902fe9726a53f6091c9d5087b0098035a9
  subpackages:
  - client
- name: github.com/experimental-platform/platform-utils
  version: 6b04ed96676373d511e3144ca6e39266a63a3f8e
  subpackages:
  - dockerutil
  - netutil
- name: github.com/gorilla/context
  version: 08b5f424b9271eedf6f9f0ce86cb9396ed337a42
- name: github.com/gorilla/mux
  version: 757bef944d0f21880861c2dd9c871ca543023cba
- name: github.com/gorilla/websocket
  version: 3986be78bf859e01f01af631ad76da5b269d270c
- name: github.com/koding/websocketproxy
  version: 870493fd19c48c3e71eaf5c5e03e07658f73bd26
- name: github.com/Microsoft/go-winio
  version: 24a3e3d3fc7451805e09d11e11e95d9a0a4f205e
- name: github.com/milosgajdos83/tenus
  version: 104e65ade0fa42600476ac8786335b5e128797e4
- name: github.com/opencontainers/runc
  version: 47ea5c75ebeb40a317d2cfa95f9c3536c00c1eea
  subpackages:
  - libcontainer/user
- name: github.com/Sirupsen/logrus
  version: d26492970760ca5d33129d2d799e34be5c4782eb
- name: github.com/stretchr/testify
  version: 232e8563676cd15c3a36ba5e675ad4312ac4cb11
- name: github.com/vishvananda/netlink
  version: 266f02d3a80fb75c33302a2c91e7632ec33c1f32
  subpackages:
  - nl
- name: github.com/vishvananda/netns
  version: 8ba1072b58e0c2a240eb5f6120165c7776c3e7b8
- name: golang.org/x/net
  version: 4876518f9e71663000c348837735820161a42df7
  subpackages:
  - context
  - proxy
- name: golang.org/x/sys
  version: 9a2e24c3733eddc63871eda99f253e2db29bd3b9
  subpackages:
  - unix
  - windows
testImports: []
