hash: f9bd48eea66b3c338697049f62c687632652390394d32e8fefb5a359d2cae910
updated: 2016-09-06T17:26:59.978966774+02:00
imports:
- name: github.com/docker/distribution
  version: 41f383fb9a3b4e3ff428a92db4f7836f8053058b
  subpackages:
  - reference
  - digest
- name: github.com/docker/engine-api
  version: f9cef590446e4e6073b49b652f47a337b897c1a3
  subpackages:
  - client
  - types
  - types/filters
  - types/network
  - client/transport
  - client/transport/cancellable
  - types/container
  - types/reference
  - types/registry
  - types/swarm
  - types/time
  - types/versions
  - types/mount
  - types/blkiodev
  - types/strslice
- name: github.com/docker/go-connections
  version: 0bad1a3951398f88ef4dd75fdb42af374430be89
  subpackages:
  - sockets
  - tlsconfig
  - nat
- name: github.com/docker/go-units
  version: 2c1805a1c750c4ea749899f49221e1d5f3e5ce42
- name: github.com/docker/libcontainer
  version: 83a102cc68a09d890cce3b6c2e5c14c49e6373a0
  subpackages:
  - netlink
  - system
- name: github.com/elazarl/goproxy
  version: de25c6ed252fdc01e23dae49d6a86742bd790b12
- name: github.com/experimental-platform/platform-skvs
  version: 39dadca7e14d61a029794fc7d6e172c2ce8824c2
  subpackages:
  - client
- name: github.com/experimental-platform/platform-utils
  version: 535b8af0f9b55eab9ad8a52c19fc905c4d78ef6f
  subpackages:
  - netutil
- name: github.com/gorilla/context
  version: 14f550f51af52180c2eefed15e5fd18d63c0a64a
- name: github.com/gorilla/mux
  version: 0a192a193177452756c362c20087ddafcf6829c4
- name: github.com/gorilla/websocket
  version: 3986be78bf859e01f01af631ad76da5b269d270c
- name: github.com/koding/websocketproxy
  version: 870493fd19c48c3e71eaf5c5e03e07658f73bd26
- name: github.com/Microsoft/go-winio
  version: ce2922f643c8fd76b46cadc7f404a06282678b34
- name: github.com/milosgajdos83/tenus
  version: 104e65ade0fa42600476ac8786335b5e128797e4
- name: github.com/opencontainers/runc
  version: b79076544e2edbe4180b7bc424d793dd6a8f1f90
  subpackages:
  - libcontainer/user
- name: github.com/Sirupsen/logrus
  version: 55eb11d21d2a31a3cc93838241d04800f52e823d
- name: github.com/stretchr/testify
  version: 232e8563676cd15c3a36ba5e675ad4312ac4cb11
- name: github.com/vishvananda/netlink
  version: 63381f39fceb1c5c13503a90e1c2603caeafe3c5
  subpackages:
  - nl
- name: github.com/vishvananda/netns
  version: 8ba1072b58e0c2a240eb5f6120165c7776c3e7b8
- name: golang.org/x/net
  version: 4876518f9e71663000c348837735820161a42df7
  subpackages:
  - context
  - proxy
- name: golang.org/x/sys
  version: a646d33e2ee3172a661fc09bca23bb4889a41bc8
  subpackages:
  - windows
testImports: []
